
Microsoft Visual Studio Solution File, Format Version 11.00
# Visual Studio 2010
Project("{8BC9CEB8-8B4A-11D0-8D11-00A0C91BC942}") = "pkg", "pkg.vcxproj", "{C6FE3ACE-FA4F-4BE6-9588-6004DF9EAD80}"
EndProject
Project("{8BC9CEB8-8B4A-11D0-8D11-00A0C91BC942}") = "savepkg", "savepkg\savepkg.vcxproj", "{E20DDE18-1597-4F02-B0C7-511ADE021A5F}"
EndProject
Global
	GlobalSection(SolutionConfigurationPlatforms) = preSolution
		Debug|Win32 = Debug|Win32
		Release|Win32 = Release|Win32
	EndGlobalSection
	GlobalSection(ProjectConfigurationPlatforms) = postSolution
		{C6FE3ACE-FA4F-4BE6-9588-6004DF9EAD80}.Debug|Win32.ActiveCfg = Debug|Win32
		{C6FE3ACE-FA4F-4BE6-9588-6004DF9EAD80}.Debug|Win32.Build.0 = Debug|Win32
		{C6FE3ACE-FA4F-4BE6-9588-6004DF9EAD80}.Release|Win32.ActiveCfg = Release|Win32
		{C6FE3ACE-FA4F-4BE6-9588-6004DF9EAD80}.Release|Win32.Build.0 = Release|Win32
		{E20DDE18-1597-4F02-B0C7-511ADE021A5F}.Debug|Win32.ActiveCfg = Debug|Win32
		{E20DDE18-1597-4F02-B0C7-511ADE021A5F}.Debug|Win32.Build.0 = Debug|Win32
		{E20DDE18-1597-4F02-B0C7-511ADE021A5F}.Release|Win32.ActiveCfg = Release|Win32
		{E20DDE18-1597-4F02-B0C7-511ADE021A5F}.Release|Win32.Build.0 = Release|Win32
	EndGlobalSection
	GlobalSection(SolutionProperties) = preSolution
		HideSolutionNode = FALSE
	EndGlobalSection
EndGlobal
