
Microsoft Visual Studio Solution File, Format Version 11.00
# Visual Studio 2010
Project("{8BC9CEB8-8B4A-11D0-8D11-00A0C91BC942}") = "rct2bmp", "rct2bmp.vcxproj", "{57FC5675-61FE-4A40-B300-3DC238FE72F1}"
EndProject
Global
	GlobalSection(SolutionConfigurationPlatforms) = preSolution
		Debug|Win32 = Debug|Win32
		Release|Win32 = Release|Win32
	EndGlobalSection
	GlobalSection(ProjectConfigurationPlatforms) = postSolution
		{57FC5675-61FE-4A40-B300-3DC238FE72F1}.Debug|Win32.ActiveCfg = Debug|Win32
		{57FC5675-61FE-4A40-B300-3DC238FE72F1}.Debug|Win32.Build.0 = Debug|Win32
		{57FC5675-61FE-4A40-B300-3DC238FE72F1}.Release|Win32.ActiveCfg = Release|Win32
		{57FC5675-61FE-4A40-B300-3DC238FE72F1}.Release|Win32.Build.0 = Release|Win32
	EndGlobalSection
	GlobalSection(SolutionProperties) = preSolution
		HideSolutionNode = FALSE
	EndGlobalSection
EndGlobal
